
Microsoft Visual Studio Solution File, Format Version 12.00
# Visual Studio Version 16
VisualStudioVersion = 16.0.30611.23
MinimumVisualStudioVersion = 10.0.40219.1
Project("{8BC9CEB8-8B4A-11D0-8D11-00A0C91BC942}") = "pypuclib", "pypuclib\pypuclib.vcxproj", "{1A3EEA91-00D7-4B64-83B6-4FCAD9DB9043}"
EndProject
Project("{888888A0-9F3D-457C-B088-3A5042F75D52}") = "pypuclib_sample", "pypuclib_sample\pypuclib_sample.pyproj", "{6D6D0EAB-0168-4FEC-8E78-DC56219F91E3}"
EndProject
Project("{888888A0-9F3D-457C-B088-3A5042F75D52}") = "pypuclib_test", "pypuclib_test\pypuclib_test.pyproj", "{F66083DF-7BEE-447A-A298-5E75FE9A7674}"
EndProject
Global
	GlobalSection(SolutionConfigurationPlatforms) = preSolution
		Debug|Any CPU = Debug|Any CPU
		Debug|x64 = Debug|x64
		Debug|x86 = Debug|x86
		Release|Any CPU = Release|Any CPU
		Release|x64 = Release|x64
		Release|x86 = Release|x86
	EndGlobalSection
	GlobalSection(ProjectConfigurationPlatforms) = postSolution
		{1A3EEA91-00D7-4B64-83B6-4FCAD9DB9043}.Debug|Any CPU.ActiveCfg = Debug|Win32
		{1A3EEA91-00D7-4B64-83B6-4FCAD9DB9043}.Debug|x64.ActiveCfg = Debug|x64
		{1A3EEA91-00D7-4B64-83B6-4FCAD9DB9043}.Debug|x64.Build.0 = Debug|x64
		{1A3EEA91-00D7-4B64-83B6-4FCAD9DB9043}.Debug|x86.ActiveCfg = Debug|Win32
		{1A3EEA91-00D7-4B64-83B6-4FCAD9DB9043}.Debug|x86.Build.0 = Debug|Win32
		{1A3EEA91-00D7-4B64-83B6-4FCAD9DB9043}.Release|Any CPU.ActiveCfg = Release|Win32
		{1A3EEA91-00D7-4B64-83B6-4FCAD9DB9043}.Release|x64.ActiveCfg = Release|x64
		{1A3EEA91-00D7-4B64-83B6-4FCAD9DB9043}.Release|x64.Build.0 = Release|x64
		{1A3EEA91-00D7-4B64-83B6-4FCAD9DB9043}.Release|x86.ActiveCfg = Release|Win32
		{1A3EEA91-00D7-4B64-83B6-4FCAD9DB9043}.Release|x86.Build.0 = Release|Win32
		{6D6D0EAB-0168-4FEC-8E78-DC56219F91E3}.Debug|Any CPU.ActiveCfg = Debug|Any CPU
		{6D6D0EAB-0168-4FEC-8E78-DC56219F91E3}.Debug|x64.ActiveCfg = Debug|Any CPU
		{6D6D0EAB-0168-4FEC-8E78-DC56219F91E3}.Debug|x86.ActiveCfg = Debug|Any CPU
		{6D6D0EAB-0168-4FEC-8E78-DC56219F91E3}.Release|Any CPU.ActiveCfg = Release|Any CPU
		{6D6D0EAB-0168-4FEC-8E78-DC56219F91E3}.Release|x64.ActiveCfg = Release|Any CPU
		{6D6D0EAB-0168-4FEC-8E78-DC56219F91E3}.Release|x86.ActiveCfg = Release|Any CPU
		{F66083DF-7BEE-447A-A298-5E75FE9A7674}.Debug|Any CPU.ActiveCfg = Debug|Any CPU
		{F66083DF-7BEE-447A-A298-5E75FE9A7674}.Debug|x64.ActiveCfg = Debug|Any CPU
		{F66083DF-7BEE-447A-A298-5E75FE9A7674}.Debug|x86.ActiveCfg = Debug|Any CPU
		{F66083DF-7BEE-447A-A298-5E75FE9A7674}.Release|Any CPU.ActiveCfg = Release|Any CPU
		{F66083DF-7BEE-447A-A298-5E75FE9A7674}.Release|x64.ActiveCfg = Release|Any CPU
		{F66083DF-7BEE-447A-A298-5E75FE9A7674}.Release|x86.ActiveCfg = Release|Any CPU
	EndGlobalSection
	GlobalSection(SolutionProperties) = preSolution
		HideSolutionNode = FALSE
	EndGlobalSection
	GlobalSection(ExtensibilityGlobals) = postSolution
		SolutionGuid = {FE7A997D-D824-47A8-A7A1-05562A341BA0}
	EndGlobalSection
EndGlobal
